
Microsoft Visual Studio Solution File, Format Version 12.00
# Visual Studio Version 16
VisualStudioVersion = 16.0.32126.315
MinimumVisualStudioVersion = 10.0.40219.1
Project("{9A19103F-16F7-4668-BE54-9A1E7A4F7556}") = "TrackerLibrary", "TrackerLibrary.csproj", "{8EA85864-6B34-488B-BDF3-37FDBB24A9C0}"
EndProject
Project("{FAE04EC0-301F-11D3-BF4B-00C04F79EFBC}") = "TrackerUI", "..\TrackerUI\TrackerUI.csproj", "{78478C4C-1EA7-44BE-9D2D-5E651494ED5D}"
EndProject
Global
	GlobalSection(SolutionConfigurationPlatforms) = preSolution
		Debug|Any CPU = Debug|Any CPU
		Release|Any CPU = Release|Any CPU
	EndGlobalSection
	GlobalSection(ProjectConfigurationPlatforms) = postSolution
		{8EA85864-6B34-488B-BDF3-37FDBB24A9C0}.Debug|Any CPU.ActiveCfg = Debug|Any CPU
		{8EA85864-6B34-488B-BDF3-37FDBB24A9C0}.Debug|Any CPU.Build.0 = Debug|Any CPU
		{8EA85864-6B34-488B-BDF3-37FDBB24A9C0}.Release|Any CPU.ActiveCfg = Release|Any CPU
		{8EA85864-6B34-488B-BDF3-37FDBB24A9C0}.Release|Any CPU.Build.0 = Release|Any CPU
		{78478C4C-1EA7-44BE-9D2D-5E651494ED5D}.Debug|Any CPU.ActiveCfg = Debug|Any CPU
		{78478C4C-1EA7-44BE-9D2D-5E651494ED5D}.Debug|Any CPU.Build.0 = Debug|Any CPU
		{78478C4C-1EA7-44BE-9D2D-5E651494ED5D}.Release|Any CPU.ActiveCfg = Release|Any CPU
		{78478C4C-1EA7-44BE-9D2D-5E651494ED5D}.Release|Any CPU.Build.0 = Release|Any CPU
	EndGlobalSection
	GlobalSection(SolutionProperties) = preSolution
		HideSolutionNode = FALSE
	EndGlobalSection
	GlobalSection(ExtensibilityGlobals) = postSolution
		SolutionGuid = {93D76908-6348-4E41-9FE8-78C56E5049AE}
	EndGlobalSection
EndGlobal
